{
  "name": "ai-server",
  "lockfileVersion": 3,
  "requires": true,
  "packages": {
    "": {
      "dependencies": {
        "@mediapipe/drawing_utils": "^0.3.1675466124",
        "@mediapipe/tasks-vision": "^0.10.22-rc.20250304"
      }
    },
    "node_modules/@mediapipe/drawing_utils": {
      "version": "0.3.1675466124",
      "resolved": "https://registry.npmjs.org/@mediapipe/drawing_utils/-/drawing_utils-0.3.1675466124.tgz",
      "integrity": "sha512-/IWIB/iYRMtiUKe3k7yGqvwseWHCOqzVpRDfMgZ6gv9z7EEimg6iZbRluoPbcNKHbYSxN5yOvYTzUYb8KVf22Q==",
      "license": "Apache-2.0"
    },
    "node_modules/@mediapipe/tasks-vision": {
      "version": "0.10.22-rc.20250304",
      "resolved": "https://registry.npmjs.org/@mediapipe/tasks-vision/-/tasks-vision-0.10.22-rc.20250304.tgz",
      "integrity": "sha512-dElxVXMFGthshfIj+qAVm8KE2jmNo2p8oXFib8WzEjb7GNaX/ClWBc8UJfoSZwjEMVrdHJ4YUfa7P3ifl6MIWw==",
      "license": "Apache-2.0"
    }
  }
}
